
Microsoft Visual Studio Solution File, Format Version 12.00
# Visual Studio Version 16
VisualStudioVersion = 16.0.30114.105
MinimumVisualStudioVersion = 10.0.40219.1
Project("{FAE04EC0-301F-11D3-BF4B-00C04F79EFBC}") = "Bursa", "Bursa\Bursa.csproj", "{D64968D7-23F6-4D60-9587-7E9693AA0A8E}"
EndProject
Global
	GlobalSection(SolutionConfigurationPlatforms) = preSolution
		Debug|Any CPU = Debug|Any CPU
		Release|Any CPU = Release|Any CPU
	EndGlobalSection
	GlobalSection(ProjectConfigurationPlatforms) = postSolution
		{D64968D7-23F6-4D60-9587-7E9693AA0A8E}.Debug|Any CPU.ActiveCfg = Debug|Any CPU
		{D64968D7-23F6-4D60-9587-7E9693AA0A8E}.Debug|Any CPU.Build.0 = Debug|Any CPU
		{D64968D7-23F6-4D60-9587-7E9693AA0A8E}.Release|Any CPU.ActiveCfg = Release|Any CPU
		{D64968D7-23F6-4D60-9587-7E9693AA0A8E}.Release|Any CPU.Build.0 = Release|Any CPU
	EndGlobalSection
	GlobalSection(SolutionProperties) = preSolution
		HideSolutionNode = FALSE
	EndGlobalSection
	GlobalSection(ExtensibilityGlobals) = postSolution
		SolutionGuid = {CB322F38-3862-45C7-BB71-76D129765735}
	EndGlobalSection
EndGlobal
